schema: '2.0'
stages:
  crpto.book.render:
    cmd: uv run python scripts/write_book_build_info.py && uv run -- quarto
      render book --to html
    deps:
    - path: book/_quarto.yml
      hash: md5
      md5: c4d0b634e6b001fdfaecf9e5e16d3665
      size: 5565
    - path: book/chapters
      hash: md5
      md5: d201931d637834de123823817e535aeb.dir
      size: 873058
      nfiles: 34
    - path: book/index.qmd
      hash: md5
      md5: ba2be20d2d30b3f8bea045e8d1cc58f4
      size: 5842
    - path: book/styles.scss
      hash: md5
      md5: c33469dd1ac959650e85a423ea6fe908
      size: 13932
    - path: scripts/write_book_build_info.py
      hash: md5
      md5: 43b5b0b11353e424318574b8c6643235
      size: 1127
    params:
      params.yaml:
        book.formats:
        - html
        book.freeze: auto
    outs:
    - path: book/_book
      hash: md5
      md5: 7ed6c2d46cd0c75ff97c6574da3f555a.dir
      size: 17813933
      nfiles: 115
  crpto.paper.figures:
    cmd: python scripts/generate_crpto_figures.py --paper crpto
    deps:
    - path: data/processed/alpha_sweep_pareto_both.parquet
      hash: md5
      md5: e3fbdd92783ab69c6001d3be8d8c541d
      size: 19748
    - path: data/processed/crpto_vs_spo_stability.json
      hash: md5
      md5: d05f8c7fde9d510a9518ad41681fe827
      size: 6434
    - path: models/crpto_tail_satisficing_audit_status.json
      hash: md5
      md5: 8010a1a96869e3e6e7d71f1032b8c124
      size: 2359
    - path: models/final_project_promotion.json
      hash: md5
      md5: cfa6202da28375e5a3a0c504b3e38a3c
      size: 9347
    - path: models/spo_real_training_status.json
      hash: md5
      md5: e682d6ef32b1f3a5ed3ba4f68daf3e44
      size: 2411
    - path: models/uncertainty_baselines_status.json
      hash: md5
      md5: fd33ca1ff1df4657a1841ef2f413a343
      size: 1426
    - path: reports/crpto/tables
      hash: md5
      md5: a6929b0aad5507d39309975fd151e8e6.dir
      size: 241894
      nfiles: 77
    - path: reports/dvc/metrics_summary.json
      hash: md5
      md5: 371476ca068943e6a14f58ab77972144
      size: 3573
    - path: scripts/generate_crpto_figures.py
      hash: md5
      md5: b986d91d1f27ca23c42a891ca202f179
      size: 70791
    outs:
    - path: reports/crpto/figures/crpto_fig7_uncertainty_baselines.png
      hash: md5
      md5: 85f05f2e949d67439642114474312733
      size: 162435
  crpto.paper.export_tables:
    cmd: python scripts/export_crpto_tables.py --skip-evidence
    deps:
    - path: data/processed/pipeline_summary.json
      hash: md5
      md5: 364ea3f664f85560fc3e230c3bee9794
      size: 4656
    - path:
        data/processed/portfolio_bound_aware/rank1_alpha01_bound_aware_276k_full_2026-04-05-1734/portfolio_bound_aware_shortlist_exact.parquet
      hash: md5
      md5: c02d82ac23d427df4d1947a7aa8edca7
      size: 34640
    - path: models/final_project_promotion.json
      hash: md5
      md5: cfa6202da28375e5a3a0c504b3e38a3c
      size: 9347
    - path: scripts/export_crpto_tables.py
      hash: md5
      md5: 790fa3c3c3786df6cb1522fc23561423
      size: 9664
    outs:
    - path: reports/crpto/tables/crpto_table0_key_metrics.csv
      hash: md5
      md5: 8f040c7da14416873bb896a4285ecfd6
      size: 573
  crpto.data.dataset:
    cmd: python src/data/make_dataset.py --input
      data/raw/Loan_status_2007-2020Q3.csv --output
      data/processed/loan_master.parquet
    deps:
    - path: data/raw/Loan_status_2007-2020Q3.csv
      hash: md5
      md5: 65adade308f21d60b7213088a88e684d
      size: 1773470505
    - path: src/data/make_dataset.py
      hash: md5
      md5: db3ad91755800ce8e32e355b397e4211
      size: 6043
    outs:
    - path: data/processed/loan_master.parquet
      hash: md5
      md5: 01b5a7d50f9cd9dd81474e54db096a2c.dir
      size: 203291457
      nfiles: 1
  crpto.data.features:
    cmd: python scripts/materialize_feature_artifacts.py --config
      configs/crpto_pd_model.yaml
    deps:
    - path: configs/crpto_pd_model.yaml
      hash: md5
      md5: 084e6a7df1f95b5f696d072eafa32a1d
      size: 4082
    - path: data/processed/test.parquet
      hash: md5
      md5: 16bf66b611311120d8b55768f88fe7c4
      size: 32441172
    - path: data/processed/train.parquet
      hash: md5
      md5: 88d8fbcb58640f47d4c02e2ff66bcb90
      size: 142993295
    - path: scripts/materialize_feature_artifacts.py
      hash: md5
      md5: b66605bdc32a240ddaf777ca74e7940d
      size: 3892
    outs:
    - path: data/processed/calibration_fe.parquet
      hash: md5
      md5: 1385806f4496d187bbe0b02f57cd5ede
      size: 39804503
    - path: data/processed/feature_config.pkl
      hash: md5
      md5: e799ebe038e6d2f47ab25dafee96a1c8
      size: 3580
    - path: data/processed/feature_config.yml
      hash: md5
      md5: e222862721bbf0215643478270ce496f
      size: 9557
    - path: data/processed/feature_manifest_v2.json
      hash: md5
      md5: a1fc3b88ef93e0d984056f71c42333e2
      size: 58241
    - path: data/processed/feature_manifest_v2.parquet
      hash: md5
      md5: 5d70cf3d2a889e5755210539abbf030c
      size: 10289
    - path: data/processed/test_fe.parquet
      hash: md5
      md5: b652096333bd0b75313dda8ef6df53ab
      size: 46448903
    - path: data/processed/train_fe.parquet
      hash: md5
      md5: 90772b558de1ba6e0b0f496ccee7ed9c
      size: 208450868
    - path: data/processed/woe_encoders.pkl
      hash: md5
      md5: ccb667ad366c30c51954ccbe208a1c59
      size: 3552
  crpto.pd.champion:
    cmd: python scripts/train_pd_model.py --config configs/crpto_pd_model.yaml
      --run-tag ijds-rebaseline-2026-06-07
    deps:
    - path: configs/crpto_pd_model.yaml
      hash: md5
      md5: 084e6a7df1f95b5f696d072eafa32a1d
      size: 4082
    - path: data/processed/calibration_fe.parquet
      hash: md5
      md5: 1385806f4496d187bbe0b02f57cd5ede
      size: 39804503
    - path: data/processed/train_fe.parquet
      hash: md5
      md5: 90772b558de1ba6e0b0f496ccee7ed9c
      size: 208450868
    - path: scripts/train_pd_model.py
      hash: md5
      md5: d573cb6153c2cb8100a422b5562e70a7
      size: 92292
    params:
      params.yaml:
        champion.return_robust: 170464.54
        paper.run_tag: ijds-rebaseline-2026-06-07
        pd.calibration: auto
        pd.catboost:
          depth: 8
          iterations: 4200
          learning_rate: 0.057321202729872456
        pd.model: catboost
    outs:
    - path: models/pd_canonical.cbm
      hash: md5
      md5: 56dc9e4030e1a2c36d37322292012977
      size: 5324156
    - path: models/pd_canonical_calibrator.pkl
      hash: md5
      md5: e18aa7402ecf3a079ff4c2ce3d54f487
      size: 9503845
  crpto.conformal.intervals:
    cmd: python scripts/generate_conformal_intervals.py --config
      configs/crpto_conformal_policy.yaml --mode replay --replay_manifest
      configs/replay/ijds_rebaseline_2026_06_07.json --run-tag
      ijds-rebaseline-2026-06-07
    deps:
    - path: configs/crpto_conformal_policy.yaml
      hash: md5
      md5: 8cf063473510122b53b25a4aeb80f7d5
      size: 946
    - path: configs/replay/ijds_rebaseline_2026_06_07.json
      hash: md5
      md5: 0fd06ee6abf5c1ff838f156f8ae0b555
      size: 581
    - path: data/processed/test_predictions.parquet
      hash: md5
      md5: 0fdf00a257ac88ab825556d4475f1981
      size: 12553447
    - path: scripts/generate_conformal_intervals.py
      hash: md5
      md5: 1f20a93bd7e59049b18e07d73fc470cb
      size: 67845
    params:
      params.yaml:
        conformal.alpha: 0.01
        conformal.coverage_targets:
        - 0.9
        - 0.95
        conformal.mondrian:
          enabled: true
          partition_by: grade
        conformal.variant_selection:
          rank1_path: rank1_alpha01_bound_aware_276k_full_2026-04-05-1734
    outs:
    - path: data/processed/conformal_group_coverage_floor_report.parquet
      hash: md5
      md5: 1ccd6b48356a77d319e28c09eedb8e26
      size: 4179
    - path: data/processed/conformal_group_metrics_mondrian.parquet
      hash: md5
      md5: 4926d53fd03442f1a1e850a5cf4a5cbd
      size: 7879
    - path: data/processed/conformal_intervals_mondrian.parquet
      hash: md5
      md5: dbd129062f5f606349cb41f3a88baa67
      size: 5256767
    - path: data/processed/conformal_mondrian_tuning_90.parquet
      hash: md5
      md5: 9013b984b0a9be239967ab41ca8f6ec8
      size: 15513
    - path: data/processed/conformal_mondrian_tuning_90_pareto.parquet
      hash: md5
      md5: 9013b984b0a9be239967ab41ca8f6ec8
      size: 15513
    - path: data/processed/conformal_shrinkback_report.parquet
      hash: md5
      md5: 660caa76921875836a90c20989da9908
      size: 5493
    - path: data/processed/conformal_temporal_coverage_floor_report.parquet
      hash: md5
      md5: 6de16b407bd5686ca28b428461ed527d
      size: 5501
    - path: data/processed/pd_conformal_width_attribution.parquet
      hash: md5
      md5: 6c4d7585c9bf7a4b1bf6e7ca29f04d65
      size: 8247
    - path: models/conformal_results_mondrian.pkl
      hash: md5
      md5: dc01e7297f66b44a7510e8ff5c6eaf44
      size: 3983
    - path: models/pd_conformal_width_attribution_status.json
      hash: md5
      md5: 0fde33ef8f7f8fce7c7581d0e92ae8ce
      size: 1116
  crpto.conformal.validation:
    cmd: python scripts/validate_conformal_policy.py --config
      configs/crpto_conformal_policy.yaml --run-tag ijds-rebaseline-2026-06-07
    deps:
    - path: configs/crpto_conformal_policy.yaml
      hash: md5
      md5: 8cf063473510122b53b25a4aeb80f7d5
      size: 946
    - path: data/processed/conformal_backtest_alerts.parquet
      hash: md5
      md5: 75bced90aebac33b2c4a7b9b4d43fd8c
      size: 4746
    - path: data/processed/conformal_backtest_monthly.parquet
      hash: md5
      md5: 1e155bf64b58ee7602ff80247658dde3
      size: 13575
    - path: data/processed/conformal_group_metrics_mondrian.parquet
      hash: md5
      md5: 4926d53fd03442f1a1e850a5cf4a5cbd
      size: 7879
    - path: data/processed/conformal_intervals_mondrian.parquet
      hash: md5
      md5: dbd129062f5f606349cb41f3a88baa67
      size: 5256767
    - path: models/conformal_results_mondrian.pkl
      hash: md5
      md5: dc01e7297f66b44a7510e8ff5c6eaf44
      size: 3983
    - path: scripts/validate_conformal_policy.py
      hash: md5
      md5: e5eb3bbf76664a2531371641c885edce
      size: 22150
    params:
      params.yaml:
        champion.alpha_exact_pass: true
        champion.gamma_cp_alpha_001: 0.187987
        champion.v_alpha_001: 0.028875
        conformal.coverage_targets:
        - 0.9
        - 0.95
    outs:
    - path: models/conformal_policy_status.json
      hash: md5
      md5: c7beb2085afe33f94cd3355ac134162a
      size: 2699
  crpto.portfolio.optimization:
    cmd: python scripts/optimize_portfolio.py --config
      configs/crpto_optimization.yaml
    deps:
    - path: data/processed/conformal_intervals_mondrian.parquet
      hash: md5
      md5: dbd129062f5f606349cb41f3a88baa67
      size: 5256767
    - path: data/processed/test_predictions.parquet
      hash: md5
      md5: 0fdf00a257ac88ab825556d4475f1981
      size: 12553447
    - path: scripts/optimize_portfolio.py
      hash: md5
      md5: 7ddf20e344d96939ff82fb6f0dcdccbc
      size: 11357
    params:
      params.yaml:
        portfolio.max_concentration: 0.25
        portfolio.max_portfolio_pd: 0.1
        portfolio.min_budget_utilization: 0.5
        portfolio.policy_mode: bound_aware
        portfolio.uncertainty_aversion: 0.0
    outs:
    - path: data/processed/portfolio_allocations.parquet
      hash: md5
      md5: 2de0e7ab3c13aa4f8e938668c25e19dd
      size: 58695
  crpto.portfolio.bound_exact_eval:
    cmd: python scripts/search/run_portfolio_bound_exact_eval.py --context-path
      models/portfolio_bound_aware/rank1_alpha01_bound_aware_276k_full_2026-04-05-1734/portfolio_bound_aware_exact_context.json
    deps:
    - path:
        data/processed/portfolio_bound_aware/rank1_alpha01_bound_aware_276k_full_2026-04-05-1734/portfolio_bound_aware_shortlist.parquet
      hash: md5
      md5: c02d82ac23d427df4d1947a7aa8edca7
      size: 34640
    - path:
        models/portfolio_bound_aware/rank1_alpha01_bound_aware_276k_full_2026-04-05-1734/portfolio_bound_aware_exact_context.json
      hash: md5
      md5: 8b10f6edb1045193291391a8affbe1ad
      size: 3453
    - path: scripts/search/run_portfolio_bound_exact_eval.py
      hash: md5
      md5: 05bd9a2fd46f93155952156a5c7ad8c8
      size: 12055
    - path: src/utils/pipeline_runtime.py
      hash: md5
      md5: 31ba28decfe8cfe6a1818a5f27a9458a
      size: 4108
    outs:
    - path:
        data/processed/portfolio_bound_aware/rank1_alpha01_bound_aware_276k_full_2026-04-05-1734/portfolio_bound_aware_bound_eval.parquet
      hash: md5
      md5: abe765987e53d817659f50bba8a07258
      size: 54034
    - path:
        data/processed/portfolio_bound_aware/rank1_alpha01_bound_aware_276k_full_2026-04-05-1734/portfolio_bound_aware_shortlist_exact.parquet
      hash: md5
      md5: c02d82ac23d427df4d1947a7aa8edca7
      size: 34640
  crpto.paper.evidence:
    cmd: python scripts/analyze_crpto_evidence.py --include-hardening
    deps:
    - path:
        data/processed/conformal_gap/conformal-reopen-2026-04-03-2149__resume__2026-04-05-1612/conformal_reopen_phase1_final_candidates.parquet
      hash: md5
      md5: 1837bdec763ffa36bd75fb1e90eb8752
      size: 16340
    - path:
        data/processed/conformal_gap/conformal-reopen-2026-04-03-2149__resume__2026-04-05-1612__phase1__final__rank-1/conformal_intervals_mondrian.parquet
      hash: md5
      md5: dbd129062f5f606349cb41f3a88baa67
      size: 5256767
    - path:
        data/processed/portfolio_bound_aware/rank1_alpha01_bound_aware_276k_full_2026-04-05-1734/portfolio_bound_aware_shortlist_exact.parquet
      hash: md5
      md5: c02d82ac23d427df4d1947a7aa8edca7
      size: 34640
    - path: data/processed/test.parquet
      hash: md5
      md5: 16bf66b611311120d8b55768f88fe7c4
      size: 32441172
    - path: models/final_project_promotion.json
      hash: md5
      md5: cfa6202da28375e5a3a0c504b3e38a3c
      size: 9347
    - path:
        models/portfolio_tradeoff/conformal-finalist-rank1_score_decile_raw_bins5_mgs100/portfolio_research_policy.json
      hash: md5
      md5: 6a8413021b2ee3070a9ab04f3ea9bd9f
      size: 4084
    - path: scripts/analyze_crpto_evidence.py
      hash: md5
      md5: 13ca94c0c14a0233e601bab6dfcb2bf8
      size: 48858
    outs:
    - path: models/crpto_evidence_status.json
      hash: md5
      md5: cd73d5356c0642e2f1d6538b63ccf2d2
      size: 4691
  crpto.paper.journal_package:
    cmd: python scripts/build_crpto_journal_package.py
    deps:
    - path: data/processed/crpto_vs_spo_stability.json
      hash: md5
      md5: d05f8c7fde9d510a9518ad41681fe827
      size: 6434
    - path:
        data/processed/portfolio_bound_aware/rank1_alpha01_bound_aware_276k_full_2026-04-05-1734/portfolio_bound_aware_bound_eval.parquet
      hash: md5
      md5: abe765987e53d817659f50bba8a07258
      size: 54034
    - path:
        data/processed/portfolio_bound_aware/rank1_alpha01_bound_aware_276k_full_2026-04-05-1734/portfolio_bound_aware_shortlist_exact.parquet
      hash: md5
      md5: c02d82ac23d427df4d1947a7aa8edca7
      size: 34640
    - path: models/final_project_promotion.json
      hash: md5
      md5: cfa6202da28375e5a3a0c504b3e38a3c
      size: 9347
    - path: models/spo_real_training_status.json
      hash: md5
      md5: e682d6ef32b1f3a5ed3ba4f68daf3e44
      size: 2411
    - path: reports/crpto/figures/crpto_fig1_journal_pipeline.pdf
      hash: md5
      md5: e31b1f5826e4254136a182290c6fd22a
      size: 61290
    - path: reports/crpto/figures/crpto_fig1_journal_pipeline.png
      hash: md5
      md5: e1b938528c917832ffe5e081d044bcc0
      size: 131911
    - path: reports/crpto/figures/crpto_fig1_journal_pipeline.svg
      hash: md5
      md5: 83c886b550ea81b5850fa95929ddf8ac
      size: 19701
    - path: reports/crpto/tables/crpto_tableA7_funded_set_loans.csv
      hash: md5
      md5: 3273c65ae4a816f938bd323304ff0f69
      size: 46107
    - path: reports/crpto/tables/crpto_tableA8_funded_set_composition.csv
      hash: md5
      md5: 1ab597c1537f3b6779075ac328c9f2cd
      size: 2271
    - path: scripts/build_crpto_journal_package.py
      hash: md5
      md5: 7a6ba1b71f97856e75c1aa715237a66d
      size: 41609
    outs:
    - path: models/crpto_journal_package_status.json
      hash: md5
      md5: d8725123b58ecb1d8eecc65a5d78d42b
      size: 3604
  crpto.paper.spo_stability:
    cmd: python scripts/run_crpto_vs_spo_stability.py
    deps:
    - path: scripts/run_crpto_vs_spo_stability.py
      hash: md5
      md5: f1b65962a8a56d6abe60ef853b294bb6
      size: 23973
    outs:
    - path: data/processed/crpto_vs_spo_stability.json
      hash: md5
      md5: d05f8c7fde9d510a9518ad41681fe827
      size: 6434
  crpto.paper.tail_satisficing_audit:
    cmd: python scripts/build_tail_satisficing_challenger_audit.py
    deps:
    - path: configs/crpto_optimization.yaml
      hash: md5
      md5: 9077d7117a99181c2f083af11fe422fc
      size: 1683
    - path: configs/crpto_tail_satisficing_objective.yaml
      hash: md5
      md5: d4734ca3642b0c5a4c7a70facb638ccc
      size: 1679
    - path:
        data/processed/conformal_gap/conformal-reopen-2026-04-03-2149__resume__2026-04-05-1612__phase1__final__rank-1/conformal_intervals_mondrian.parquet
      hash: md5
      md5: dbd129062f5f606349cb41f3a88baa67
      size: 5256767
    - path:
        data/processed/portfolio_bound_aware/rank1_alpha01_bound_aware_276k_full_2026-04-05-1734/portfolio_bound_aware_shortlist_exact.parquet
      hash: md5
      md5: c02d82ac23d427df4d1947a7aa8edca7
      size: 34640
    - path: data/processed/test.parquet
      hash: md5
      md5: 16bf66b611311120d8b55768f88fe7c4
      size: 32441172
    - path: data/processed/test_fe.parquet
      hash: md5
      md5: b652096333bd0b75313dda8ef6df53ab
      size: 46448903
    - path: models/final_project_promotion.json
      hash: md5
      md5: cfa6202da28375e5a3a0c504b3e38a3c
      size: 9347
    - path: reports/crpto/tables/crpto_tableA7_funded_set_loans.csv
      hash: md5
      md5: 3273c65ae4a816f938bd323304ff0f69
      size: 46107
    - path: scripts/build_tail_satisficing_challenger_audit.py
      hash: md5
      md5: eb987aec4831a63c4bb7dce1af306784
      size: 17517
    - path: scripts/optimize_portfolio_tradeoff.py
      hash: md5
      md5: 9b216ade9ddebba200e5d6aa4eae51b5
      size: 45229
    - path: src/optimization/tail_satisficing_objective.py
      hash: md5
      md5: 678eceb6c32e24db4d6c16e5abefb4d9
      size: 9380
    outs:
    - path: models/crpto_tail_satisficing_audit_status.json
      hash: md5
      md5: 8010a1a96869e3e6e7d71f1032b8c124
      size: 2359
  crpto.conformal.backtest:
    cmd: python scripts/backtest_conformal_coverage.py --intervals-path
      data/processed/conformal_intervals_mondrian.parquet --output-dir
      data/processed
    deps:
    - path: data/processed/conformal_intervals_mondrian.parquet
      hash: md5
      md5: dbd129062f5f606349cb41f3a88baa67
      size: 5256767
    - path: data/processed/test.parquet
      hash: md5
      md5: 16bf66b611311120d8b55768f88fe7c4
      size: 32441172
    - path: data/processed/test_fe.parquet
      hash: md5
      md5: b652096333bd0b75313dda8ef6df53ab
      size: 46448903
    - path: scripts/backtest_conformal_coverage.py
      hash: md5
      md5: 4cb7de8d1ad1c808a6b10a1a9f6a4c7f
      size: 14986
    outs:
    - path: data/processed/conformal_backtest_alerts.parquet
      hash: md5
      md5: 75bced90aebac33b2c4a7b9b4d43fd8c
      size: 4746
    - path: data/processed/conformal_backtest_monthly.parquet
      hash: md5
      md5: 1e155bf64b58ee7602ff80247658dde3
      size: 13575
    - path: data/processed/conformal_backtest_monthly_grade.parquet
      hash: md5
      md5: a3b41770d2ceae366557133e978c8c9f
      size: 14506
    - path: data/processed/conformal_diagnostic_metrics.json
      hash: md5
      md5: eea09f072730292237bfe297d50ca47a
      size: 397
