schema: '2.0'
stages:
  crpto.book.render:
    cmd: uv run python scripts/write_book_build_info.py && uv run -- quarto
      render book --to html
    deps:
    - path: book/_quarto.yml
      hash: md5
      md5: df5bda1791542b4fb822d78427473893
      size: 5470
    - path: book/chapters
      hash: md5
      md5: d8b5c1b30ab889961c53e29602e4d56e.dir
      size: 822563
      nfiles: 32
    - path: book/index.qmd
      hash: md5
      md5: 9bd599596a48fc6f19e35202f28353da
      size: 5598
    - path: book/styles.scss
      hash: md5
      md5: 2a43791aea83d8c367d0a091aea0b80f
      size: 13044
    - path: scripts/write_book_build_info.py
      hash: md5
      md5: 43b5b0b11353e424318574b8c6643235
      size: 1127
    params:
      params.yaml:
        book.formats:
        - html
        book.freeze: auto
    outs:
    - path: book/_book
      hash: md5
      md5: 54af594ed225b6f50adf73fc8a43aac8.dir
      size: 14962178
      nfiles: 105
  crpto.paper.figures:
    cmd: python scripts/generate_crpto_figures.py --paper crpto
    deps:
    - path: scripts/generate_crpto_figures.py
      hash: md5
      md5: e5263be923ddd2a8d2f42c8abda21a49
      size: 63824
    outs:
    - path: reports/crpto/figures/crpto_fig7_uncertainty_baselines.png
      hash: md5
      md5: 85f05f2e949d67439642114474312733
      size: 162435
  crpto.paper.export_tables:
    cmd: python scripts/export_crpto_tables.py
    deps:
    - path: data/processed/pipeline_summary.json
      hash: md5
      md5: 73e3acf8d23ad78d4ed504b56ec45776
      size: 4654
    - path: models/final_project_promotion.json
      hash: md5
      md5: 5d789be10b37de798d6de0d66c843b6e
      size: 8066
    - path: scripts/export_crpto_tables.py
      hash: md5
      md5: 3549b88bd052fbcf84a623b238e8884c
      size: 9930
    outs:
    - path: reports/crpto/tables/crpto_table0_key_metrics.csv
      hash: md5
      md5: 2389cf20700d366e677ef94a85a65db2
      size: 640
  crpto.data.dataset:
    cmd: python src/data/make_dataset.py --input
      data/raw/Loan_status_2007-2020Q3.csv --output
      data/processed/loan_master.parquet
    deps:
    - path: data/raw/Loan_status_2007-2020Q3.csv
      hash: md5
      md5: 65adade308f21d60b7213088a88e684d
      size: 1773470505
    - path: src/data/make_dataset.py
      hash: md5
      md5: db3ad91755800ce8e32e355b397e4211
      size: 6043
    outs:
    - path: data/processed/loan_master.parquet
      hash: md5
      md5: c797870fac75b62bbfa2dba9900e1f53
      size: 153933059
  crpto.data.features:
    cmd: python scripts/materialize_feature_artifacts.py --config
      configs/crpto_pd_model.yaml
    deps:
    - path: configs/crpto_pd_model.yaml
      hash: md5
      md5: 7627e63fb4f95eedb7f1809ada33916c
      size: 4076
      isexec: true
    - path: data/processed/test.parquet
      hash: md5
      md5: 16bf66b611311120d8b55768f88fe7c4
      size: 32441172
      isexec: true
    - path: data/processed/train.parquet
      hash: md5
      md5: 88d8fbcb58640f47d4c02e2ff66bcb90
      size: 142993295
      isexec: true
    - path: scripts/materialize_feature_artifacts.py
      hash: md5
      md5: 6197aa4b71d81ce723ba896a0409b8f3
      size: 3722
      isexec: true
    outs:
    - path: data/processed/calibration_fe.parquet
      hash: md5
      md5: fdfae34b8857f1506d1fe5628c5d1e94
      size: 39804503
      isexec: true
    - path: data/processed/feature_config.pkl
      hash: md5
      md5: e799ebe038e6d2f47ab25dafee96a1c8
      size: 3580
      isexec: true
    - path: data/processed/feature_config.yml
      hash: md5
      md5: e222862721bbf0215643478270ce496f
      size: 9557
      isexec: true
    - path: data/processed/feature_manifest_v2.json
      hash: md5
      md5: 948803ff8d8a9993ce9fbdb46037404d
      size: 56108
      isexec: true
    - path: data/processed/feature_manifest_v2.parquet
      hash: md5
      md5: 156baba8afdd5af9d27145924a932272
      size: 10289
      isexec: true
    - path: data/processed/test_fe.parquet
      hash: md5
      md5: f01eea4760d8eb4d58cfeb274da46e09
      size: 46448903
      isexec: true
    - path: data/processed/train_fe.parquet
      hash: md5
      md5: 786ec03f467835a63db38b45ab94f3c5
      size: 208450864
      isexec: true
    - path: data/processed/woe_encoders.pkl
      hash: md5
      md5: ccb667ad366c30c51954ccbe208a1c59
      size: 3552
      isexec: true
  crpto.pd.champion:
    cmd: python scripts/train_pd_model.py --config configs/crpto_pd_model.yaml
    deps:
    - path: configs/crpto_pd_model.yaml
      hash: md5
      md5: 7627e63fb4f95eedb7f1809ada33916c
      size: 4076
    - path: data/processed/calibration_fe.parquet
      hash: md5
      md5: fdfae34b8857f1506d1fe5628c5d1e94
      size: 39804503
    - path: data/processed/train_fe.parquet
      hash: md5
      md5: 786ec03f467835a63db38b45ab94f3c5
      size: 208450864
    - path: scripts/train_pd_model.py
      hash: md5
      md5: 6b2c78ba87f2622da89762fa44a4a538
      size: 85095
    params:
      params.yaml:
        champion.return_robust: 170464.54
        paper.run_tag: paper-thesis-final-economic-2026-04-06
        pd.calibration: auto
        pd.catboost:
          depth: 8
          iterations: 4200
          learning_rate: 0.03
        pd.model: catboost
    outs:
    - path: models/pd_canonical.cbm
      hash: md5
      md5: e66735accaef6c398c8665b2da5b9002
      size: 5394848
    - path: models/pd_canonical_calibrator.pkl
      hash: md5
      md5: 543497cab73675673dad1bccbae4746d
      size: 9503845
  crpto.conformal.intervals:
    cmd: python scripts/generate_conformal_intervals.py --config
      configs/crpto_conformal_policy.yaml
    deps:
    - path: configs/crpto_conformal_policy.yaml
      hash: md5
      md5: 28f433a566347d2d1703b38d266a672f
      size: 1388
    - path: data/processed/test_predictions.parquet
      hash: md5
      md5: d16ecc0b4badc4c0949e6eb1e1adbbce
      size: 12547567
    - path: scripts/generate_conformal_intervals.py
      hash: md5
      md5: 36450ba953599ee034adb6cf022197df
      size: 63445
    params:
      params.yaml:
        conformal.alpha: 0.01
        conformal.coverage_targets:
        - 0.9
        - 0.95
        conformal.mondrian:
          enabled: true
          partition_by: grade
        conformal.variant_selection:
          rank1_path: rank1_alpha01_bound_aware_276k_full_2026-04-05-1734
    outs:
    - path: data/processed/conformal_intervals_mondrian.parquet
      hash: md5
      md5: 158c6322e701fa45407a4c769a8a704a
      size: 5364073
  crpto.conformal.validation:
    cmd: python scripts/validate_conformal_policy.py --config
      configs/crpto_conformal_policy.yaml
    deps:
    - path: data/processed/conformal_intervals_mondrian.parquet
      hash: md5
      md5: 158c6322e701fa45407a4c769a8a704a
      size: 5364073
    - path: scripts/validate_conformal_policy.py
      hash: md5
      md5: b06007a04691eb71d4309779bd3cab89
      size: 26186
    params:
      params.yaml:
        champion.alpha_exact_pass: true
        champion.gamma_cp_alpha_001: 0.18591
        champion.v_alpha_001: 0.03645
        conformal.coverage_targets:
        - 0.9
        - 0.95
    outs:
    - path: models/conformal_policy_status.json
      hash: md5
      md5: 13cdbf5d1dc6051c80a8c7d31bd78ec4
      size: 12465
  crpto.portfolio.optimization:
    cmd: python scripts/optimize_portfolio.py --config
      configs/crpto_optimization.yaml
    deps:
    - path: data/processed/conformal_intervals_mondrian.parquet
      hash: md5
      md5: 158c6322e701fa45407a4c769a8a704a
      size: 5364073
    - path: data/processed/test_predictions.parquet
      hash: md5
      md5: d16ecc0b4badc4c0949e6eb1e1adbbce
      size: 12547567
    - path: scripts/optimize_portfolio.py
      hash: md5
      md5: 7ddf20e344d96939ff82fb6f0dcdccbc
      size: 11357
    params:
      params.yaml:
        portfolio.max_concentration: 0.25
        portfolio.max_portfolio_pd: 0.1
        portfolio.min_budget_utilization: 0.5
        portfolio.policy_mode: bound_aware
        portfolio.uncertainty_aversion: 0.0
    outs:
    - path: data/processed/portfolio_allocations.parquet
      hash: md5
      md5: a5a64027caf731dca5b951a7a62bf4dd
      size: 2676209
  crpto.portfolio.bound_exact_eval:
    cmd: python scripts/search/run_portfolio_bound_exact_eval.py --config
      configs/crpto_optimization.yaml
    deps:
    - path:
        data/processed/portfolio_bound_aware/rank1_alpha01_bound_aware_276k_full_2026-04-05-1734/portfolio_bound_aware_shortlist.parquet
      hash: md5
      md5: 187c6d2320f82472c738cb63a49fbaec
      size: 35173
    - path: scripts/search/run_portfolio_bound_exact_eval.py
      hash: md5
      md5: 753271c9a959eb1a765f71a791ac537d
      size: 9204
    outs:
    - path:
        data/processed/portfolio_bound_aware/rank1_alpha01_bound_aware_276k_full_2026-04-05-1734/portfolio_bound_aware_bound_eval.parquet
      hash: md5
      md5: 176384711f07133a62a6cecf6af02dbc
      size: 48376
  crpto.paper.evidence:
    cmd: python scripts/analyze_crpto_evidence.py
    deps:
    - path: models/final_project_promotion.json
      hash: md5
      md5: 5d789be10b37de798d6de0d66c843b6e
      size: 8066
    - path: scripts/analyze_crpto_evidence.py
      hash: md5
      md5: 3bb5086de93ecce9e1d92225aaf9c2e0
      size: 49099
    outs:
    - path: models/crpto_evidence_status.json
      hash: md5
      md5: 2c4d9a141d90a5014167fc567623035e
      size: 4693
  crpto.paper.journal_package:
    cmd: python scripts/build_crpto_journal_package.py
    deps:
    - path: data/processed/crpto_vs_spo_stability.json
      hash: md5
      md5: d05f8c7fde9d510a9518ad41681fe827
      size: 6434
    - path:
        data/processed/portfolio_bound_aware/rank1_alpha01_bound_aware_276k_full_2026-04-05-1734/portfolio_bound_aware_bound_eval.parquet
      hash: md5
      md5: 176384711f07133a62a6cecf6af02dbc
      size: 48376
    - path:
        data/processed/portfolio_bound_aware/rank1_alpha01_bound_aware_276k_full_2026-04-05-1734/portfolio_bound_aware_shortlist.parquet
      hash: md5
      md5: 187c6d2320f82472c738cb63a49fbaec
      size: 35173
    - path: models/final_project_promotion.json
      hash: md5
      md5: 5d789be10b37de798d6de0d66c843b6e
      size: 8066
    - path: models/spo_real_training_status.json
      hash: md5
      md5: e682d6ef32b1f3a5ed3ba4f68daf3e44
      size: 2411
    - path: reports/crpto/figures/crpto_fig1_journal_pipeline.pdf
      hash: md5
      md5: 9dd92dd687cc1a38d1d9309478200393
      size: 22089
    - path: reports/crpto/figures/crpto_fig1_journal_pipeline.png
      hash: md5
      md5: 219d9f4199a655356d11564ab8f8daf8
      size: 1075147
    - path: reports/crpto/figures/crpto_fig1_journal_pipeline.svg
      hash: md5
      md5: 71563c6c8e9b0e10d8f159b8ad360484
      size: 19699
    - path: reports/crpto/tables/crpto_tableA7_funded_set_loans.csv
      hash: md5
      md5: 55c86a6d4dbeb2169c57aadf21a3ff2b
      size: 45335
    - path: reports/crpto/tables/crpto_tableA8_funded_set_composition.csv
      hash: md5
      md5: d75b3b71c097c3df8240217eec28735e
      size: 2187
    - path: scripts/build_crpto_journal_package.py
      hash: md5
      md5: e345471f18e9da919af23de5077b5c56
      size: 39678
    outs:
    - path: models/crpto_journal_package_status.json
      hash: md5
      md5: 734a14c0fc5aa321fa4d48dfb2992c2e
      size: 3610
  crpto.paper.spo_stability:
    cmd: python scripts/run_crpto_vs_spo_stability.py
    deps:
    - path: scripts/run_crpto_vs_spo_stability.py
      hash: md5
      md5: a1c0c9f51398d8462074310a49c2cead
      size: 23657
    outs:
    - path: data/processed/crpto_vs_spo_stability.json
      hash: md5
      md5: d05f8c7fde9d510a9518ad41681fe827
      size: 6434
  crpto.paper.tail_satisficing_audit:
    cmd: python scripts/build_tail_satisficing_challenger_audit.py
    deps:
    - path: configs/crpto_optimization.yaml
      hash: md5
      md5: 9077d7117a99181c2f083af11fe422fc
      size: 1683
    - path: configs/crpto_tail_satisficing_objective.yaml
      hash: md5
      md5: d4734ca3642b0c5a4c7a70facb638ccc
      size: 1679
    - path:
        data/processed/conformal_gap/conformal-reopen-2026-04-03-2149__resume__2026-04-05-1612__phase1__final__rank-1/conformal_intervals_mondrian.parquet
      hash: md5
      md5: dbd129062f5f606349cb41f3a88baa67
      size: 5256767
    - path:
        data/processed/portfolio_bound_aware/rank1_alpha01_bound_aware_276k_full_2026-04-05-1734/portfolio_bound_aware_shortlist.parquet
      hash: md5
      md5: 187c6d2320f82472c738cb63a49fbaec
      size: 35173
    - path: data/processed/test.parquet
      hash: md5
      md5: 16bf66b611311120d8b55768f88fe7c4
      size: 32441172
    - path: data/processed/test_fe.parquet
      hash: md5
      md5: f01eea4760d8eb4d58cfeb274da46e09
      size: 46448903
    - path: models/final_project_promotion.json
      hash: md5
      md5: 5d789be10b37de798d6de0d66c843b6e
      size: 8066
    - path: reports/crpto/tables/crpto_tableA7_funded_set_loans.csv
      hash: md5
      md5: 55c86a6d4dbeb2169c57aadf21a3ff2b
      size: 45335
    - path: scripts/build_tail_satisficing_challenger_audit.py
      hash: md5
      md5: ed7739c6f4fe3458f91e5ee8fd07dbc4
      size: 16577
    - path: scripts/optimize_portfolio_tradeoff.py
      hash: md5
      md5: 450e7461b1d64924387fa55532a202e5
      size: 45793
    - path: src/optimization/tail_satisficing_objective.py
      hash: md5
      md5: 1d0489c792b45f57a58a6b737fde5df8
      size: 9356
    outs:
    - path: models/crpto_tail_satisficing_audit_status.json
      hash: md5
      md5: f53d7f2c6c943a17d3643975f8f75b20
      size: 2259
