schema: '2.0'
stages:
  crpto.book.render:
    cmd: uv run python scripts/write_book_build_info.py && uv run -- quarto
      render book --to html
    deps:
    - path: book/_quarto.yml
      hash: md5
      md5: c4d0b634e6b001fdfaecf9e5e16d3665
      size: 5565
    - path: book/chapters
      hash: md5
      md5: 6bc9c03992009a06aa66a6a880f23b7c.dir
      size: 870853
      nfiles: 34
    - path: book/index.qmd
      hash: md5
      md5: 890ed0bf0d1a4fbd4fc527942d446ecd
      size: 5729
    - path: book/styles.scss
      hash: md5
      md5: 2a43791aea83d8c367d0a091aea0b80f
      size: 13044
    - path: scripts/write_book_build_info.py
      hash: md5
      md5: 43b5b0b11353e424318574b8c6643235
      size: 1127
    params:
      params.yaml:
        book.formats:
        - html
        book.freeze: auto
    outs:
    - path: book/_book
      hash: md5
      md5: dc47517348709e27665c5b20d93ebd1f.dir
      size: 18748858
      nfiles: 115
  crpto.paper.figures:
    cmd: python scripts/generate_crpto_figures.py --paper crpto
    deps:
    - path: scripts/generate_crpto_figures.py
      hash: md5
      md5: a1e4f80980d04d20b6766345b1a1cac0
      size: 70121
    outs:
    - path: reports/crpto/figures/crpto_fig7_uncertainty_baselines.png
      hash: md5
      md5: 85f05f2e949d67439642114474312733
      size: 162435
  crpto.paper.export_tables:
    cmd: python scripts/export_crpto_tables.py --skip-evidence
    deps:
    - path: data/processed/pipeline_summary.json
      hash: md5
      md5: 73e3acf8d23ad78d4ed504b56ec45776
      size: 4654
    - path: models/final_project_promotion.json
      hash: md5
      md5: 5d789be10b37de798d6de0d66c843b6e
      size: 8066
    - path: scripts/export_crpto_tables.py
      hash: md5
      md5: 253f64afdb1548fe508df5d1f78ae971
      size: 10287
    outs:
    - path: reports/crpto/tables/crpto_table0_key_metrics.csv
      hash: md5
      md5: 2389cf20700d366e677ef94a85a65db2
      size: 640
  crpto.data.dataset:
    cmd: python src/data/make_dataset.py --input
      data/raw/Loan_status_2007-2020Q3.csv --output
      data/processed/loan_master.parquet
    deps:
    - path: data/raw/Loan_status_2007-2020Q3.csv
      hash: md5
      md5: 65adade308f21d60b7213088a88e684d
      size: 1773470505
    - path: src/data/make_dataset.py
      hash: md5
      md5: db3ad91755800ce8e32e355b397e4211
      size: 6043
    outs:
    - path: data/processed/loan_master.parquet
      hash: md5
      md5: 01b5a7d50f9cd9dd81474e54db096a2c.dir
      size: 203291457
      nfiles: 1
  crpto.data.features:
    cmd: python scripts/materialize_feature_artifacts.py --config
      configs/crpto_pd_model.yaml
    deps:
    - path: configs/crpto_pd_model.yaml
      hash: md5
      md5: 084e6a7df1f95b5f696d072eafa32a1d
      size: 4082
    - path: data/processed/test.parquet
      hash: md5
      md5: 16bf66b611311120d8b55768f88fe7c4
      size: 32441172
    - path: data/processed/train.parquet
      hash: md5
      md5: 88d8fbcb58640f47d4c02e2ff66bcb90
      size: 142993295
    - path: scripts/materialize_feature_artifacts.py
      hash: md5
      md5: b66605bdc32a240ddaf777ca74e7940d
      size: 3892
    outs:
    - path: data/processed/calibration_fe.parquet
      hash: md5
      md5: 1385806f4496d187bbe0b02f57cd5ede
      size: 39804503
    - path: data/processed/feature_config.pkl
      hash: md5
      md5: e799ebe038e6d2f47ab25dafee96a1c8
      size: 3580
    - path: data/processed/feature_config.yml
      hash: md5
      md5: e222862721bbf0215643478270ce496f
      size: 9557
    - path: data/processed/feature_manifest_v2.json
      hash: md5
      md5: a1fc3b88ef93e0d984056f71c42333e2
      size: 58241
    - path: data/processed/feature_manifest_v2.parquet
      hash: md5
      md5: 5d70cf3d2a889e5755210539abbf030c
      size: 10289
    - path: data/processed/test_fe.parquet
      hash: md5
      md5: b652096333bd0b75313dda8ef6df53ab
      size: 46448903
    - path: data/processed/train_fe.parquet
      hash: md5
      md5: 90772b558de1ba6e0b0f496ccee7ed9c
      size: 208450868
    - path: data/processed/woe_encoders.pkl
      hash: md5
      md5: ccb667ad366c30c51954ccbe208a1c59
      size: 3552
  crpto.pd.champion:
    cmd: python scripts/train_pd_model.py --config configs/crpto_pd_model.yaml
      --run-tag paper-thesis-final-economic-2026-04-06
    deps:
    - path: configs/crpto_pd_model.yaml
      hash: md5
      md5: 084e6a7df1f95b5f696d072eafa32a1d
      size: 4082
    - path: data/processed/calibration_fe.parquet
      hash: md5
      md5: 1385806f4496d187bbe0b02f57cd5ede
      size: 39804503
    - path: data/processed/train_fe.parquet
      hash: md5
      md5: 90772b558de1ba6e0b0f496ccee7ed9c
      size: 208450868
    - path: scripts/train_pd_model.py
      hash: md5
      md5: cf5fdc72ec6d5002a57b6576d400abad
      size: 85217
    params:
      params.yaml:
        champion.return_robust: 170464.54
        paper.run_tag: paper-thesis-final-economic-2026-04-06
        pd.calibration: auto
        pd.catboost:
          depth: 8
          iterations: 4200
          learning_rate: 0.03
        pd.model: catboost
    outs:
    - path: models/pd_canonical.cbm
      hash: md5
      md5: 3feb789c23f69521be7fb6687553e05c
      size: 4231912
    - path: models/pd_canonical_calibrator.pkl
      hash: md5
      md5: 9507cdbd7cf41eb849140ddaac586aab
      size: 9503845
  crpto.conformal.intervals:
    cmd: python scripts/generate_conformal_intervals.py --config
      configs/crpto_conformal_policy.yaml --run-tag
      paper-thesis-final-economic-2026-04-06
    deps:
    - path: configs/crpto_conformal_policy.yaml
      hash: md5
      md5: 28f433a566347d2d1703b38d266a672f
      size: 1388
    - path: data/processed/test_predictions.parquet
      hash: md5
      md5: 8022f6e92a519e1a12f6fac5671c9260
      size: 12554263
    - path: scripts/generate_conformal_intervals.py
      hash: md5
      md5: 6871ec6a1a0522e6973a31b4d8254c49
      size: 63789
    params:
      params.yaml:
        conformal.alpha: 0.01
        conformal.coverage_targets:
        - 0.9
        - 0.95
        conformal.mondrian:
          enabled: true
          partition_by: grade
        conformal.variant_selection:
          rank1_path: rank1_alpha01_bound_aware_276k_full_2026-04-05-1734
    outs:
    - path: data/processed/conformal_intervals_mondrian.parquet
      hash: md5
      md5: 7fc63539ae0710f832fb675904feb6c6
      size: 5397832
  crpto.conformal.validation:
    cmd: python scripts/validate_conformal_policy.py --config
      configs/crpto_conformal_policy.yaml --run-tag
      paper-thesis-final-economic-2026-04-06
    deps:
    - path: data/processed/conformal_intervals_mondrian.parquet
      hash: md5
      md5: 7fc63539ae0710f832fb675904feb6c6
      size: 5397832
    - path: scripts/validate_conformal_policy.py
      hash: md5
      md5: b06007a04691eb71d4309779bd3cab89
      size: 26186
    params:
      params.yaml:
        champion.alpha_exact_pass: true
        champion.gamma_cp_alpha_001: 0.18591
        champion.v_alpha_001: 0.03645
        conformal.coverage_targets:
        - 0.9
        - 0.95
    outs:
    - path: models/conformal_policy_status.json
      hash: md5
      md5: 13fc31db8150c5c2cc5736a46eb4e25f
      size: 4282
  crpto.portfolio.optimization:
    cmd: python scripts/optimize_portfolio.py --config
      configs/crpto_optimization.yaml
    deps:
    - path: data/processed/conformal_intervals_mondrian.parquet
      hash: md5
      md5: 7fc63539ae0710f832fb675904feb6c6
      size: 5397832
    - path: data/processed/test_predictions.parquet
      hash: md5
      md5: 8022f6e92a519e1a12f6fac5671c9260
      size: 12554263
    - path: scripts/optimize_portfolio.py
      hash: md5
      md5: 7ddf20e344d96939ff82fb6f0dcdccbc
      size: 11357
    params:
      params.yaml:
        portfolio.max_concentration: 0.25
        portfolio.max_portfolio_pd: 0.1
        portfolio.min_budget_utilization: 0.5
        portfolio.policy_mode: bound_aware
        portfolio.uncertainty_aversion: 0.0
    outs:
    - path: data/processed/portfolio_allocations.parquet
      hash: md5
      md5: 6cbdcfd680e3b695821fb3d2e5b584b1
      size: 61185
  crpto.portfolio.bound_exact_eval:
    cmd: python scripts/search/run_portfolio_bound_exact_eval.py --context-path
      models/portfolio_bound_aware/rank1_alpha01_bound_aware_276k_full_2026-04-05-1734/portfolio_bound_aware_exact_context.json
    deps:
    - path:
        data/processed/portfolio_bound_aware/rank1_alpha01_bound_aware_276k_full_2026-04-05-1734/portfolio_bound_aware_shortlist.parquet
      hash: md5
      md5: c02d82ac23d427df4d1947a7aa8edca7
      size: 34640
    - path:
        models/portfolio_bound_aware/rank1_alpha01_bound_aware_276k_full_2026-04-05-1734/portfolio_bound_aware_exact_context.json
      hash: md5
      md5: c177184dc4eb544d9fc3684ab7e09d0e
      size: 3667
    - path: scripts/search/run_portfolio_bound_exact_eval.py
      hash: md5
      md5: 7418bb21856366159e00fca89a98a77f
      size: 10388
    outs:
    - path:
        data/processed/portfolio_bound_aware/rank1_alpha01_bound_aware_276k_full_2026-04-05-1734/portfolio_bound_aware_bound_eval.parquet
      hash: md5
      md5: abe765987e53d817659f50bba8a07258
      size: 54034
  crpto.paper.evidence:
    cmd: python scripts/analyze_crpto_evidence.py
    deps:
    - path: models/final_project_promotion.json
      hash: md5
      md5: 5d789be10b37de798d6de0d66c843b6e
      size: 8066
    - path: scripts/analyze_crpto_evidence.py
      hash: md5
      md5: f36a137c0551853085e0b15ea28c413c
      size: 49416
    outs:
    - path: models/crpto_evidence_status.json
      hash: md5
      md5: 2c4d9a141d90a5014167fc567623035e
      size: 4693
  crpto.paper.journal_package:
    cmd: python scripts/build_crpto_journal_package.py
    deps:
    - path: data/processed/crpto_vs_spo_stability.json
      hash: md5
      md5: d05f8c7fde9d510a9518ad41681fe827
      size: 6434
    - path:
        data/processed/portfolio_bound_aware/rank1_alpha01_bound_aware_276k_full_2026-04-05-1734/portfolio_bound_aware_bound_eval.parquet
      hash: md5
      md5: abe765987e53d817659f50bba8a07258
      size: 54034
    - path:
        data/processed/portfolio_bound_aware/rank1_alpha01_bound_aware_276k_full_2026-04-05-1734/portfolio_bound_aware_shortlist.parquet
      hash: md5
      md5: c02d82ac23d427df4d1947a7aa8edca7
      size: 34640
    - path: models/final_project_promotion.json
      hash: md5
      md5: 5d789be10b37de798d6de0d66c843b6e
      size: 8066
    - path: models/spo_real_training_status.json
      hash: md5
      md5: e682d6ef32b1f3a5ed3ba4f68daf3e44
      size: 2411
    - path: reports/crpto/figures/crpto_fig1_journal_pipeline.pdf
      hash: md5
      md5: 9dd92dd687cc1a38d1d9309478200393
      size: 22089
    - path: reports/crpto/figures/crpto_fig1_journal_pipeline.png
      hash: md5
      md5: 219d9f4199a655356d11564ab8f8daf8
      size: 1075147
    - path: reports/crpto/figures/crpto_fig1_journal_pipeline.svg
      hash: md5
      md5: 71563c6c8e9b0e10d8f159b8ad360484
      size: 19699
    - path: reports/crpto/tables/crpto_tableA7_funded_set_loans.csv
      hash: md5
      md5: 55c86a6d4dbeb2169c57aadf21a3ff2b
      size: 45335
    - path: reports/crpto/tables/crpto_tableA8_funded_set_composition.csv
      hash: md5
      md5: d75b3b71c097c3df8240217eec28735e
      size: 2187
    - path: scripts/build_crpto_journal_package.py
      hash: md5
      md5: e2ce28801abcf61c08d0c14de252db30
      size: 42163
    outs:
    - path: models/crpto_journal_package_status.json
      hash: md5
      md5: 98ca9a25cd557c3fbe88f2d2d5fac0c5
      size: 3610
  crpto.paper.spo_stability:
    cmd: python scripts/run_crpto_vs_spo_stability.py
    deps:
    - path: scripts/run_crpto_vs_spo_stability.py
      hash: md5
      md5: a1c0c9f51398d8462074310a49c2cead
      size: 23657
    outs:
    - path: data/processed/crpto_vs_spo_stability.json
      hash: md5
      md5: d05f8c7fde9d510a9518ad41681fe827
      size: 6434
  crpto.paper.tail_satisficing_audit:
    cmd: python scripts/build_tail_satisficing_challenger_audit.py
    deps:
    - path: configs/crpto_optimization.yaml
      hash: md5
      md5: 9077d7117a99181c2f083af11fe422fc
      size: 1683
    - path: configs/crpto_tail_satisficing_objective.yaml
      hash: md5
      md5: d4734ca3642b0c5a4c7a70facb638ccc
      size: 1679
    - path:
        data/processed/conformal_gap/conformal-reopen-2026-04-03-2149__resume__2026-04-05-1612__phase1__final__rank-1/conformal_intervals_mondrian.parquet
      hash: md5
      md5: dbd129062f5f606349cb41f3a88baa67
      size: 5256767
    - path:
        data/processed/portfolio_bound_aware/rank1_alpha01_bound_aware_276k_full_2026-04-05-1734/portfolio_bound_aware_shortlist.parquet
      hash: md5
      md5: c02d82ac23d427df4d1947a7aa8edca7
      size: 34640
    - path: data/processed/test.parquet
      hash: md5
      md5: 16bf66b611311120d8b55768f88fe7c4
      size: 32441172
    - path: data/processed/test_fe.parquet
      hash: md5
      md5: b652096333bd0b75313dda8ef6df53ab
      size: 46448903
    - path: models/final_project_promotion.json
      hash: md5
      md5: 5d789be10b37de798d6de0d66c843b6e
      size: 8066
    - path: reports/crpto/tables/crpto_tableA7_funded_set_loans.csv
      hash: md5
      md5: 55c86a6d4dbeb2169c57aadf21a3ff2b
      size: 45335
    - path: scripts/build_tail_satisficing_challenger_audit.py
      hash: md5
      md5: ed7739c6f4fe3458f91e5ee8fd07dbc4
      size: 16577
    - path: scripts/optimize_portfolio_tradeoff.py
      hash: md5
      md5: 450e7461b1d64924387fa55532a202e5
      size: 45793
    - path: src/optimization/tail_satisficing_objective.py
      hash: md5
      md5: 1d0489c792b45f57a58a6b737fde5df8
      size: 9356
    outs:
    - path: models/crpto_tail_satisficing_audit_status.json
      hash: md5
      md5: c3f13d6d1f1237cc05c3c34b177ad655
      size: 2260
